// !$*UTF8*$!
{
	archiveVersion = 1;
	classes = {
	};
	objectVersion = 48;
	objects = {

/* Begin PBXBuildFile section */
		B11C48F3C56052CB2784AB6F /* Pods_IMDBTests.framework in Frameworks */ = {isa = PBXBuildFile; fileRef = 564636D0E6B7163D166056D7 /* Pods_IMDBTests.framework */; };
		BA12C2EF214FFEC8008CB5A4 /* MovieListViewController.swift in Sources */ = {isa = PBXBuildFile; fileRef = BA12C2EE214FFEC8008CB5A4 /* MovieListViewController.swift */; };
		BA12C2F121500077008CB5A4 /* MovieListPresenter.swift in Sources */ = {isa = PBXBuildFile; fileRef = BA12C2F021500077008CB5A4 /* MovieListPresenter.swift */; };
		BA12C2F32150012E008CB5A4 /* MovieListInteractor.swift in Sources */ = {isa = PBXBuildFile; fileRef = BA12C2F22150012E008CB5A4 /* MovieListInteractor.swift */; };
		BA12C2F721500191008CB5A4 /* MovieListModuleBuilder.swift in Sources */ = {isa = PBXBuildFile; fileRef = BA12C2F621500191008CB5A4 /* MovieListModuleBuilder.swift */; };
		BA12C2F9215001B1008CB5A4 /* MovieListModuleContract.swift in Sources */ = {isa = PBXBuildFile; fileRef = BA12C2F8215001B1008CB5A4 /* MovieListModuleContract.swift */; };
		BA12C2FC21500221008CB5A4 /* MovieTableViewCell.xib in Resources */ = {isa = PBXBuildFile; fileRef = BA12C2FB21500221008CB5A4 /* MovieTableViewCell.xib */; };
		BA12C2FE2150022F008CB5A4 /* MovieTableViewCell.swift in Sources */ = {isa = PBXBuildFile; fileRef = BA12C2FD2150022F008CB5A4 /* MovieTableViewCell.swift */; };
		BA74D3072153E17C005E282A /* CoreStorageTests.swift in Sources */ = {isa = PBXBuildFile; fileRef = BA74D3062153E17C005E282A /* CoreStorageTests.swift */; };
		BA74D30A2153E27E005E282A /* StoreMock.swift in Sources */ = {isa = PBXBuildFile; fileRef = BA74D3092153E27E005E282A /* StoreMock.swift */; };
		BA74D3102153EFC5005E282A /* SearchModuleBuilderTests.swift in Sources */ = {isa = PBXBuildFile; fileRef = BA74D30F2153EFC5005E282A /* SearchModuleBuilderTests.swift */; };
		BA74D3122153F0D8005E282A /* SearchRouterTests.swift in Sources */ = {isa = PBXBuildFile; fileRef = BA74D3112153F0D8005E282A /* SearchRouterTests.swift */; };
		BA74D3142153F14F005E282A /* ViewControllerMock.swift in Sources */ = {isa = PBXBuildFile; fileRef = BA74D3132153F14F005E282A /* ViewControllerMock.swift */; };
		BA74D3162153F164005E282A /* NavigationControllerMock.swift in Sources */ = {isa = PBXBuildFile; fileRef = BA74D3152153F164005E282A /* NavigationControllerMock.swift */; };
		BA74D3182153F4E9005E282A /* SearchInteractorTests.swift in Sources */ = {isa = PBXBuildFile; fileRef = BA74D3172153F4E9005E282A /* SearchInteractorTests.swift */; };
		BA74D31A2153F4F5005E282A /* SearchPresenterTests.swift in Sources */ = {isa = PBXBuildFile; fileRef = BA74D3192153F4F5005E282A /* SearchPresenterTests.swift */; };
		BA74D31C2153F504005E282A /* SearchViewControllerTests.swift in Sources */ = {isa = PBXBuildFile; fileRef = BA74D31B2153F504005E282A /* SearchViewControllerTests.swift */; };
		BA74D31E2153F76A005E282A /* SearchServiceMock.swift in Sources */ = {isa = PBXBuildFile; fileRef = BA74D31D2153F76A005E282A /* SearchServiceMock.swift */; };
		BA74D3202153F8BF005E282A /* MockUtilities.swift in Sources */ = {isa = PBXBuildFile; fileRef = BA74D31F2153F8BF005E282A /* MockUtilities.swift */; };
		BA74D3242153FBCE005E282A /* RecentSearchManagerMock.swift in Sources */ = {isa = PBXBuildFile; fileRef = BA74D3232153FBCE005E282A /* RecentSearchManagerMock.swift */; };
		BA74D3262153FC95005E282A /* SearchModuleMock.swift in Sources */ = {isa = PBXBuildFile; fileRef = BA74D3252153FC95005E282A /* SearchModuleMock.swift */; };
		BA8A91FF2151463F0093A8FE /* SearchService.swift in Sources */ = {isa = PBXBuildFile; fileRef = BA8A91FE2151463F0093A8FE /* SearchService.swift */; };
		BA8A9202215146DF0093A8FE /* CoreConstant.swift in Sources */ = {isa = PBXBuildFile; fileRef = BA8A9201215146DF0093A8FE /* CoreConstant.swift */; };
		BA8A920621515B270093A8FE /* ProgressHUD.swift in Sources */ = {isa = PBXBuildFile; fileRef = BA8A920521515B270093A8FE /* ProgressHUD.swift */; };
		BA8A9208215164750093A8FE /* RecentSearchManager.swift in Sources */ = {isa = PBXBuildFile; fileRef = BA8A9207215164750093A8FE /* RecentSearchManager.swift */; };
		BA9DE43D21540C6600DE7EE2 /* SearchModelStorageTests.swift in Sources */ = {isa = PBXBuildFile; fileRef = BA9DE43C21540C6600DE7EE2 /* SearchModelStorageTests.swift */; };
		BA9DE43F21540C8C00DE7EE2 /* RecentSearchManagerTests.swift in Sources */ = {isa = PBXBuildFile; fileRef = BA9DE43E21540C8C00DE7EE2 /* RecentSearchManagerTests.swift */; };
		BA9DE44121540CE000DE7EE2 /* MovieListModuleMock.swift in Sources */ = {isa = PBXBuildFile; fileRef = BA9DE44021540CE000DE7EE2 /* MovieListModuleMock.swift */; };
		BA9DE44321540CF600DE7EE2 /* MovieListModuleBuilderTests.swift in Sources */ = {isa = PBXBuildFile; fileRef = BA9DE44221540CF600DE7EE2 /* MovieListModuleBuilderTests.swift */; };
		BA9DE44521540D1A00DE7EE2 /* MovieListInteractorTests.swift in Sources */ = {isa = PBXBuildFile; fileRef = BA9DE44421540D1A00DE7EE2 /* MovieListInteractorTests.swift */; };
		BA9DE44721540D2600DE7EE2 /* MovieListPresenterTests.swift in Sources */ = {isa = PBXBuildFile; fileRef = BA9DE44621540D2600DE7EE2 /* MovieListPresenterTests.swift */; };
		BA9DE44C21540D6E00DE7EE2 /* SearchServiceTests.swift in Sources */ = {isa = PBXBuildFile; fileRef = BA9DE44B21540D6E00DE7EE2 /* SearchServiceTests.swift */; };
		BA9DE44E21540DEF00DE7EE2 /* SearchServiceOutputMock.swift in Sources */ = {isa = PBXBuildFile; fileRef = BA9DE44D21540DEF00DE7EE2 /* SearchServiceOutputMock.swift */; };
		BA9DE45021540F0900DE7EE2 /* CoreApiMock.swift in Sources */ = {isa = PBXBuildFile; fileRef = BA9DE44F21540F0900DE7EE2 /* CoreApiMock.swift */; };
		BAD37396214948CE0009A2E3 /* AppDelegate.swift in Sources */ = {isa = PBXBuildFile; fileRef = BAD37395214948CE0009A2E3 /* AppDelegate.swift */; };
		BAD37398214948CE0009A2E3 /* SplashViewController.swift in Sources */ = {isa = PBXBuildFile; fileRef = BAD37397214948CE0009A2E3 /* SplashViewController.swift */; };
		BAD3739B214948CE0009A2E3 /* Main.storyboard in Resources */ = {isa = PBXBuildFile; fileRef = BAD37399214948CE0009A2E3 /* Main.storyboard */; };
		BAD3739D214948CE0009A2E3 /* Assets.xcassets in Resources */ = {isa = PBXBuildFile; fileRef = BAD3739C214948CE0009A2E3 /* Assets.xcassets */; };
		BAD373A0214948CE0009A2E3 /* LaunchScreen.storyboard in Resources */ = {isa = PBXBuildFile; fileRef = BAD3739E214948CE0009A2E3 /* LaunchScreen.storyboard */; };
		BAD373B6214948CE0009A2E3 /* IMDBUITests.swift in Sources */ = {isa = PBXBuildFile; fileRef = BAD373B5214948CE0009A2E3 /* IMDBUITests.swift */; };
		BAD373C621494EE60009A2E3 /* SearchModuleContract.swift in Sources */ = {isa = PBXBuildFile; fileRef = BAD373C521494EE60009A2E3 /* SearchModuleContract.swift */; };
		BAD373C821494EF40009A2E3 /* SearchModuleBuilder.swift in Sources */ = {isa = PBXBuildFile; fileRef = BAD373C721494EF40009A2E3 /* SearchModuleBuilder.swift */; };
		BAD373CA21494F010009A2E3 /* SearchViewController.swift in Sources */ = {isa = PBXBuildFile; fileRef = BAD373C921494F010009A2E3 /* SearchViewController.swift */; };
		BAD373CC21494F2A0009A2E3 /* SearchInteractor.swift in Sources */ = {isa = PBXBuildFile; fileRef = BAD373CB21494F2A0009A2E3 /* SearchInteractor.swift */; };
		BAD373CE21494F4D0009A2E3 /* SearchRouter.swift in Sources */ = {isa = PBXBuildFile; fileRef = BAD373CD21494F4D0009A2E3 /* SearchRouter.swift */; };
		BAD373D121494F830009A2E3 /* SearchViewController.xib in Resources */ = {isa = PBXBuildFile; fileRef = BAD373D021494F830009A2E3 /* SearchViewController.xib */; };
		BAD373D321494F9A0009A2E3 /* SearchPresenter.swift in Sources */ = {isa = PBXBuildFile; fileRef = BAD373D221494F9A0009A2E3 /* SearchPresenter.swift */; };
		BAD373DA214950640009A2E3 /* SearchModel.swift in Sources */ = {isa = PBXBuildFile; fileRef = BAD373D9214950640009A2E3 /* SearchModel.swift */; };
		BAD373DF214950EF0009A2E3 /* CoreApi.swift in Sources */ = {isa = PBXBuildFile; fileRef = BAD373DE214950EF0009A2E3 /* CoreApi.swift */; };
		BAD373E12149511B0009A2E3 /* CoreStorage.swift in Sources */ = {isa = PBXBuildFile; fileRef = BAD373E02149511B0009A2E3 /* CoreStorage.swift */; };
		BAD373E421495A880009A2E3 /* NibLoadable.swift in Sources */ = {isa = PBXBuildFile; fileRef = BAD373E321495A880009A2E3 /* NibLoadable.swift */; };
		BAD37426214E8DA90009A2E3 /* CoreStorageContract.swift in Sources */ = {isa = PBXBuildFile; fileRef = BAD37425214E8DA90009A2E3 /* CoreStorageContract.swift */; };
		BAD37428214E8E050009A2E3 /* ModelBase.swift in Sources */ = {isa = PBXBuildFile; fileRef = BAD37427214E8E050009A2E3 /* ModelBase.swift */; };
		BAD3742C214E93A20009A2E3 /* MovieModel.swift in Sources */ = {isa = PBXBuildFile; fileRef = BAD3742B214E93A20009A2E3 /* MovieModel.swift */; };
		BAD3742F214E96FC0009A2E3 /* Date.swift in Sources */ = {isa = PBXBuildFile; fileRef = BAD3742E214E96FC0009A2E3 /* Date.swift */; };
		BAE1BCFA215617380007AB47 /* CoreStorageMock.swift in Sources */ = {isa = PBXBuildFile; fileRef = BAE1BCF9215617380007AB47 /* CoreStorageMock.swift */; };
		BAE1BCFC21561A260007AB47 /* SearchModelStorageMock.swift in Sources */ = {isa = PBXBuildFile; fileRef = BAE1BCFB21561A260007AB47 /* SearchModelStorageMock.swift */; };
		BAE1BCFE21561DCC0007AB47 /* MovieListViewControllerTests.swift in Sources */ = {isa = PBXBuildFile; fileRef = BAE1BCFD21561DCC0007AB47 /* MovieListViewControllerTests.swift */; };
		BAE1BD00215671E00007AB47 /* MovieModelMapperTests.swift in Sources */ = {isa = PBXBuildFile; fileRef = BAE1BCFF215671E00007AB47 /* MovieModelMapperTests.swift */; };
		BE22DC8CECC03E86DEDEEF5D /* Pods_IMDBUITests.framework in Frameworks */ = {isa = PBXBuildFile; fileRef = 360C3C8838B7CDEE9490611A /* Pods_IMDBUITests.framework */; };
		CEF80CE41B77674F8EBC5721 /* Pods_IMDB.framework in Frameworks */ = {isa = PBXBuildFile; fileRef = AAB710704C546B52A082888E /* Pods_IMDB.framework */; };
/* End PBXBuildFile section */

/* Begin PBXContainerItemProxy section */
		BAD373A7214948CE0009A2E3 /* PBXContainerItemProxy */ = {
			isa = PBXContainerItemProxy;
			containerPortal = BAD3738A214948CE0009A2E3 /* Project object */;
			proxyType = 1;
			remoteGlobalIDString = BAD37391214948CE0009A2E3;
			remoteInfo = IMDB;
		};
		BAD373B2214948CE0009A2E3 /* PBXContainerItemProxy */ = {
			isa = PBXContainerItemProxy;
			containerPortal = BAD3738A214948CE0009A2E3 /* Project object */;
			proxyType = 1;
			remoteGlobalIDString = BAD37391214948CE0009A2E3;
			remoteInfo = IMDB;
		};
/* End PBXContainerItemProxy section */

/* Begin PBXFileReference section */
		360C3C8838B7CDEE9490611A /* Pods_IMDBUITests.framework */ = {isa = PBXFileReference; explicitFileType = wrapper.framework; includeInIndex = 0; path = Pods_IMDBUITests.framework; sourceTree = BUILT_PRODUCTS_DIR; };
		4CF34FA27A019A7DB10F1416 /* Pods-IMDB.release.xcconfig */ = {isa = PBXFileReference; includeInIndex = 1; lastKnownFileType = text.xcconfig; name = "Pods-IMDB.release.xcconfig"; path = "Pods/Target Support Files/Pods-IMDB/Pods-IMDB.release.xcconfig"; sourceTree = "<group>"; };
		564636D0E6B7163D166056D7 /* Pods_IMDBTests.framework */ = {isa = PBXFileReference; explicitFileType = wrapper.framework; includeInIndex = 0; path = Pods_IMDBTests.framework; sourceTree = BUILT_PRODUCTS_DIR; };
		59AD016FBA58B13B1EE65E93 /* Pods-IMDBUITests.release.xcconfig */ = {isa = PBXFileReference; includeInIndex = 1; lastKnownFileType = text.xcconfig; name = "Pods-IMDBUITests.release.xcconfig"; path = "Pods/Target Support Files/Pods-IMDBUITests/Pods-IMDBUITests.release.xcconfig"; sourceTree = "<group>"; };
		68E41E45A44FE4AB84736604 /* Pods-IMDB.debug.xcconfig */ = {isa = PBXFileReference; includeInIndex = 1; lastKnownFileType = text.xcconfig; name = "Pods-IMDB.debug.xcconfig"; path = "Pods/Target Support Files/Pods-IMDB/Pods-IMDB.debug.xcconfig"; sourceTree = "<group>"; };
		999E9120FAA37C090A91C1A8 /* Pods-IMDBUITests.debug.xcconfig */ = {isa = PBXFileReference; includeInIndex = 1; lastKnownFileType = text.xcconfig; name = "Pods-IMDBUITests.debug.xcconfig"; path = "Pods/Target Support Files/Pods-IMDBUITests/Pods-IMDBUITests.debug.xcconfig"; sourceTree = "<group>"; };
		9DED0BF9AD30902B021496D4 /* Pods-IMDBTests.release.xcconfig */ = {isa = PBXFileReference; includeInIndex = 1; lastKnownFileType = text.xcconfig; name = "Pods-IMDBTests.release.xcconfig"; path = "Pods/Target Support Files/Pods-IMDBTests/Pods-IMDBTests.release.xcconfig"; sourceTree = "<group>"; };
		AAB710704C546B52A082888E /* Pods_IMDB.framework */ = {isa = PBXFileReference; explicitFileType = wrapper.framework; includeInIndex = 0; path = Pods_IMDB.framework; sourceTree = BUILT_PRODUCTS_DIR; };
		BA12C2EE214FFEC8008CB5A4 /* MovieListViewController.swift */ = {isa = PBXFileReference; lastKnownFileType = sourcecode.swift; path = MovieListViewController.swift; sourceTree = "<group>"; };
		BA12C2F021500077008CB5A4 /* MovieListPresenter.swift */ = {isa = PBXFileReference; lastKnownFileType = sourcecode.swift; path = MovieListPresenter.swift; sourceTree = "<group>"; };
		BA12C2F22150012E008CB5A4 /* MovieListInteractor.swift */ = {isa = PBXFileReference; lastKnownFileType = sourcecode.swift; path = MovieListInteractor.swift; sourceTree = "<group>"; };
		BA12C2F621500191008CB5A4 /* MovieListModuleBuilder.swift */ = {isa = PBXFileReference; lastKnownFileType = sourcecode.swift; path = MovieListModuleBuilder.swift; sourceTree = "<group>"; };
		BA12C2F8215001B1008CB5A4 /* MovieListModuleContract.swift */ = {isa = PBXFileReference; lastKnownFileType = sourcecode.swift; path = MovieListModuleContract.swift; sourceTree = "<group>"; };
		BA12C2FB21500221008CB5A4 /* MovieTableViewCell.xib */ = {isa = PBXFileReference; lastKnownFileType = file.xib; path = MovieTableViewCell.xib; sourceTree = "<group>"; };
		BA12C2FD2150022F008CB5A4 /* MovieTableViewCell.swift */ = {isa = PBXFileReference; lastKnownFileType = sourcecode.swift; path = MovieTableViewCell.swift; sourceTree = "<group>"; };
		BA74D3062153E17C005E282A /* CoreStorageTests.swift */ = {isa = PBXFileReference; fileEncoding = 4; lastKnownFileType = sourcecode.swift; path = CoreStorageTests.swift; sourceTree = "<group>"; };
		BA74D3092153E27E005E282A /* StoreMock.swift */ = {isa = PBXFileReference; lastKnownFileType = sourcecode.swift; path = StoreMock.swift; sourceTree = "<group>"; };
		BA74D30F2153EFC5005E282A /* SearchModuleBuilderTests.swift */ = {isa = PBXFileReference; lastKnownFileType = sourcecode.swift; path = SearchModuleBuilderTests.swift; sourceTree = "<group>"; };
		BA74D3112153F0D8005E282A /* SearchRouterTests.swift */ = {isa = PBXFileReference; lastKnownFileType = sourcecode.swift; path = SearchRouterTests.swift; sourceTree = "<group>"; };
		BA74D3132153F14F005E282A /* ViewControllerMock.swift */ = {isa = PBXFileReference; lastKnownFileType = sourcecode.swift; path = ViewControllerMock.swift; sourceTree = "<group>"; };
		BA74D3152153F164005E282A /* NavigationControllerMock.swift */ = {isa = PBXFileReference; lastKnownFileType = sourcecode.swift; path = NavigationControllerMock.swift; sourceTree = "<group>"; };
		BA74D3172153F4E9005E282A /* SearchInteractorTests.swift */ = {isa = PBXFileReference; lastKnownFileType = sourcecode.swift; path = SearchInteractorTests.swift; sourceTree = "<group>"; };
		BA74D3192153F4F5005E282A /* SearchPresenterTests.swift */ = {isa = PBXFileReference; lastKnownFileType = sourcecode.swift; path = SearchPresenterTests.swift; sourceTree = "<group>"; };
		BA74D31B2153F504005E282A /* SearchViewControllerTests.swift */ = {isa = PBXFileReference; lastKnownFileType = sourcecode.swift; path = SearchViewControllerTests.swift; sourceTree = "<group>"; };
		BA74D31D2153F76A005E282A /* SearchServiceMock.swift */ = {isa = PBXFileReference; lastKnownFileType = sourcecode.swift; path = SearchServiceMock.swift; sourceTree = "<group>"; };
		BA74D31F2153F8BF005E282A /* MockUtilities.swift */ = {isa = PBXFileReference; lastKnownFileType = sourcecode.swift; path = MockUtilities.swift; sourceTree = "<group>"; };
		BA74D3232153FBCE005E282A /* RecentSearchManagerMock.swift */ = {isa = PBXFileReference; lastKnownFileType = sourcecode.swift; path = RecentSearchManagerMock.swift; sourceTree = "<group>"; };
		BA74D3252153FC95005E282A /* SearchModuleMock.swift */ = {isa = PBXFileReference; lastKnownFileType = sourcecode.swift; path = SearchModuleMock.swift; sourceTree = "<group>"; };
		BA8A91FE2151463F0093A8FE /* SearchService.swift */ = {isa = PBXFileReference; lastKnownFileType = sourcecode.swift; path = SearchService.swift; sourceTree = "<group>"; };
		BA8A9201215146DF0093A8FE /* CoreConstant.swift */ = {isa = PBXFileReference; lastKnownFileType = sourcecode.swift; path = CoreConstant.swift; sourceTree = "<group>"; };
		BA8A920521515B270093A8FE /* ProgressHUD.swift */ = {isa = PBXFileReference; lastKnownFileType = sourcecode.swift; path = ProgressHUD.swift; sourceTree = "<group>"; };
		BA8A9207215164750093A8FE /* RecentSearchManager.swift */ = {isa = PBXFileReference; lastKnownFileType = sourcecode.swift; path = RecentSearchManager.swift; sourceTree = "<group>"; };
		BA9DE43C21540C6600DE7EE2 /* SearchModelStorageTests.swift */ = {isa = PBXFileReference; lastKnownFileType = sourcecode.swift; path = SearchModelStorageTests.swift; sourceTree = "<group>"; };
		BA9DE43E21540C8C00DE7EE2 /* RecentSearchManagerTests.swift */ = {isa = PBXFileReference; lastKnownFileType = sourcecode.swift; path = RecentSearchManagerTests.swift; sourceTree = "<group>"; };
		BA9DE44021540CE000DE7EE2 /* MovieListModuleMock.swift */ = {isa = PBXFileReference; lastKnownFileType = sourcecode.swift; path = MovieListModuleMock.swift; sourceTree = "<group>"; };
		BA9DE44221540CF600DE7EE2 /* MovieListModuleBuilderTests.swift */ = {isa = PBXFileReference; lastKnownFileType = sourcecode.swift; path = MovieListModuleBuilderTests.swift; sourceTree = "<group>"; };
		BA9DE44421540D1A00DE7EE2 /* MovieListInteractorTests.swift */ = {isa = PBXFileReference; lastKnownFileType = sourcecode.swift; path = MovieListInteractorTests.swift; sourceTree = "<group>"; };
		BA9DE44621540D2600DE7EE2 /* MovieListPresenterTests.swift */ = {isa = PBXFileReference; lastKnownFileType = sourcecode.swift; path = MovieListPresenterTests.swift; sourceTree = "<group>"; };
		BA9DE44B21540D6E00DE7EE2 /* SearchServiceTests.swift */ = {isa = PBXFileReference; lastKnownFileType = sourcecode.swift; path = SearchServiceTests.swift; sourceTree = "<group>"; };
		BA9DE44D21540DEF00DE7EE2 /* SearchServiceOutputMock.swift */ = {isa = PBXFileReference; lastKnownFileType = sourcecode.swift; path = SearchServiceOutputMock.swift; sourceTree = "<group>"; };
		BA9DE44F21540F0900DE7EE2 /* CoreApiMock.swift */ = {isa = PBXFileReference; lastKnownFileType = sourcecode.swift; path = CoreApiMock.swift; sourceTree = "<group>"; };
		BAD37392214948CE0009A2E3 /* IMDB.app */ = {isa = PBXFileReference; explicitFileType = wrapper.application; includeInIndex = 0; path = IMDB.app; sourceTree = BUILT_PRODUCTS_DIR; };
		BAD37395214948CE0009A2E3 /* AppDelegate.swift */ = {isa = PBXFileReference; lastKnownFileType = sourcecode.swift; path = AppDelegate.swift; sourceTree = "<group>"; };
		BAD37397214948CE0009A2E3 /* SplashViewController.swift */ = {isa = PBXFileReference; lastKnownFileType = sourcecode.swift; path = SplashViewController.swift; sourceTree = "<group>"; };
		BAD3739A214948CE0009A2E3 /* Base */ = {isa = PBXFileReference; lastKnownFileType = file.storyboard; name = Base; path = Base.lproj/Main.storyboard; sourceTree = "<group>"; };
		BAD3739C214948CE0009A2E3 /* Assets.xcassets */ = {isa = PBXFileReference; lastKnownFileType = folder.assetcatalog; path = Assets.xcassets; sourceTree = "<group>"; };
		BAD3739F214948CE0009A2E3 /* Base */ = {isa = PBXFileReference; lastKnownFileType = file.storyboard; name = Base; path = Base.lproj/LaunchScreen.storyboard; sourceTree = "<group>"; };
		BAD373A1214948CE0009A2E3 /* Info.plist */ = {isa = PBXFileReference; lastKnownFileType = text.plist.xml; path = Info.plist; sourceTree = "<group>"; };
		BAD373A6214948CE0009A2E3 /* IMDBTests.xctest */ = {isa = PBXFileReference; explicitFileType = wrapper.cfbundle; includeInIndex = 0; path = IMDBTests.xctest; sourceTree = BUILT_PRODUCTS_DIR; };
		BAD373AC214948CE0009A2E3 /* Info.plist */ = {isa = PBXFileReference; lastKnownFileType = text.plist.xml; path = Info.plist; sourceTree = "<group>"; };
		BAD373B1214948CE0009A2E3 /* IMDBUITests.xctest */ = {isa = PBXFileReference; explicitFileType = wrapper.cfbundle; includeInIndex = 0; path = IMDBUITests.xctest; sourceTree = BUILT_PRODUCTS_DIR; };
		BAD373B5214948CE0009A2E3 /* IMDBUITests.swift */ = {isa = PBXFileReference; lastKnownFileType = sourcecode.swift; path = IMDBUITests.swift; sourceTree = "<group>"; };
		BAD373B7214948CE0009A2E3 /* Info.plist */ = {isa = PBXFileReference; lastKnownFileType = text.plist.xml; path = Info.plist; sourceTree = "<group>"; };
		BAD373C521494EE60009A2E3 /* SearchModuleContract.swift */ = {isa = PBXFileReference; lastKnownFileType = sourcecode.swift; path = SearchModuleContract.swift; sourceTree = "<group>"; };
		BAD373C721494EF40009A2E3 /* SearchModuleBuilder.swift */ = {isa = PBXFileReference; lastKnownFileType = sourcecode.swift; path = SearchModuleBuilder.swift; sourceTree = "<group>"; };
		BAD373C921494F010009A2E3 /* SearchViewController.swift */ = {isa = PBXFileReference; lastKnownFileType = sourcecode.swift; path = SearchViewController.swift; sourceTree = "<group>"; };
		BAD373CB21494F2A0009A2E3 /* SearchInteractor.swift */ = {isa = PBXFileReference; lastKnownFileType = sourcecode.swift; path = SearchInteractor.swift; sourceTree = "<group>"; };
		BAD373CD21494F4D0009A2E3 /* SearchRouter.swift */ = {isa = PBXFileReference; lastKnownFileType = sourcecode.swift; path = SearchRouter.swift; sourceTree = "<group>"; };
		BAD373D021494F830009A2E3 /* SearchViewController.xib */ = {isa = PBXFileReference; lastKnownFileType = file.xib; path = SearchViewController.xib; sourceTree = "<group>"; };
		BAD373D221494F9A0009A2E3 /* SearchPresenter.swift */ = {isa = PBXFileReference; lastKnownFileType = sourcecode.swift; path = SearchPresenter.swift; sourceTree = "<group>"; };
		BAD373D9214950640009A2E3 /* SearchModel.swift */ = {isa = PBXFileReference; lastKnownFileType = sourcecode.swift; path = SearchModel.swift; sourceTree = "<group>"; };
		BAD373DE214950EF0009A2E3 /* CoreApi.swift */ = {isa = PBXFileReference; lastKnownFileType = sourcecode.swift; path = CoreApi.swift; sourceTree = "<group>"; };
		BAD373E02149511B0009A2E3 /* CoreStorage.swift */ = {isa = PBXFileReference; lastKnownFileType = sourcecode.swift; path = CoreStorage.swift; sourceTree = "<group>"; };
		BAD373E321495A880009A2E3 /* NibLoadable.swift */ = {isa = PBXFileReference; lastKnownFileType = sourcecode.swift; path = NibLoadable.swift; sourceTree = "<group>"; };
		BAD37425214E8DA90009A2E3 /* CoreStorageContract.swift */ = {isa = PBXFileReference; lastKnownFileType = sourcecode.swift; path = CoreStorageContract.swift; sourceTree = "<group>"; };
		BAD37427214E8E050009A2E3 /* ModelBase.swift */ = {isa = PBXFileReference; lastKnownFileType = sourcecode.swift; path = ModelBase.swift; sourceTree = "<group>"; };
		BAD3742B214E93A20009A2E3 /* MovieModel.swift */ = {isa = PBXFileReference; lastKnownFileType = sourcecode.swift; path = MovieModel.swift; sourceTree = "<group>"; };
		BAD3742E214E96FC0009A2E3 /* Date.swift */ = {isa = PBXFileReference; lastKnownFileType = sourcecode.swift; path = Date.swift; sourceTree = "<group>"; };
		BAE1BCF9215617380007AB47 /* CoreStorageMock.swift */ = {isa = PBXFileReference; lastKnownFileType = sourcecode.swift; path = CoreStorageMock.swift; sourceTree = "<group>"; };
		BAE1BCFB21561A260007AB47 /* SearchModelStorageMock.swift */ = {isa = PBXFileReference; lastKnownFileType = sourcecode.swift; path = SearchModelStorageMock.swift; sourceTree = "<group>"; };
		BAE1BCFD21561DCC0007AB47 /* MovieListViewControllerTests.swift */ = {isa = PBXFileReference; lastKnownFileType = sourcecode.swift; path = MovieListViewControllerTests.swift; sourceTree = "<group>"; };
		BAE1BCFF215671E00007AB47 /* MovieModelMapperTests.swift */ = {isa = PBXFileReference; lastKnownFileType = sourcecode.swift; path = MovieModelMapperTests.swift; sourceTree = "<group>"; };
		BE0304F4B900147AA8A2C212 /* Pods-IMDBTests.debug.xcconfig */ = {isa = PBXFileReference; includeInIndex = 1; lastKnownFileType = text.xcconfig; name = "Pods-IMDBTests.debug.xcconfig"; path = "Pods/Target Support Files/Pods-IMDBTests/Pods-IMDBTests.debug.xcconfig"; sourceTree = "<group>"; };
/* End PBXFileReference section */

/* Begin PBXFrameworksBuildPhase section */
		BAD3738F214948CE0009A2E3 /* Frameworks */ = {
			isa = PBXFrameworksBuildPhase;
			buildActionMask = 2147483647;
			files = (
				CEF80CE41B77674F8EBC5721 /* Pods_IMDB.framework in Frameworks */,
			);
			runOnlyForDeploymentPostprocessing = 0;
		};
		BAD373A3214948CE0009A2E3 /* Frameworks */ = {
			isa = PBXFrameworksBuildPhase;
			buildActionMask = 2147483647;
			files = (
				B11C48F3C56052CB2784AB6F /* Pods_IMDBTests.framework in Frameworks */,
			);
			runOnlyForDeploymentPostprocessing = 0;
		};
		BAD373AE214948CE0009A2E3 /* Frameworks */ = {
			isa = PBXFrameworksBuildPhase;
			buildActionMask = 2147483647;
			files = (
				BE22DC8CECC03E86DEDEEF5D /* Pods_IMDBUITests.framework in Frameworks */,
			);
			runOnlyForDeploymentPostprocessing = 0;
		};
/* End PBXFrameworksBuildPhase section */

/* Begin PBXGroup section */
		417E3B2B59EEDDEC8BF590E9 /* Frameworks */ = {
			isa = PBXGroup;
			children = (
				AAB710704C546B52A082888E /* Pods_IMDB.framework */,
				564636D0E6B7163D166056D7 /* Pods_IMDBTests.framework */,
				360C3C8838B7CDEE9490611A /* Pods_IMDBUITests.framework */,
			);
			name = Frameworks;
			sourceTree = "<group>";
		};
		BA12C2FA215001F1008CB5A4 /* Cell */ = {
			isa = PBXGroup;
			children = (
				BA12C2FB21500221008CB5A4 /* MovieTableViewCell.xib */,
				BA12C2FD2150022F008CB5A4 /* MovieTableViewCell.swift */,
			);
			path = Cell;
			sourceTree = "<group>";
		};
		BA74D3052153E17C005E282A /* Core */ = {
			isa = PBXGroup;
			children = (
				BA74D3092153E27E005E282A /* StoreMock.swift */,
				BA74D3062153E17C005E282A /* CoreStorageTests.swift */,
				BA9DE44F21540F0900DE7EE2 /* CoreApiMock.swift */,
				BAE1BCF9215617380007AB47 /* CoreStorageMock.swift */,
			);
			path = Core;
			sourceTree = "<group>";
		};
		BA74D3082153E270005E282A /* Mock */ = {
			isa = PBXGroup;
			children = (
				BA74D31F2153F8BF005E282A /* MockUtilities.swift */,
				BA74D3132153F14F005E282A /* ViewControllerMock.swift */,
				BA74D3152153F164005E282A /* NavigationControllerMock.swift */,
			);
			path = Mock;
			sourceTree = "<group>";
		};
		BA74D30E2153EFA5005E282A /* SearchModule */ = {
			isa = PBXGroup;
			children = (
				BA74D3252153FC95005E282A /* SearchModuleMock.swift */,
				BA74D30F2153EFC5005E282A /* SearchModuleBuilderTests.swift */,
				BA74D31B2153F504005E282A /* SearchViewControllerTests.swift */,
				BA74D3172153F4E9005E282A /* SearchInteractorTests.swift */,
				BA74D3192153F4F5005E282A /* SearchPresenterTests.swift */,
				BA9DE43B21540C3900DE7EE2 /* Entity */,
				BA74D3112153F0D8005E282A /* SearchRouterTests.swift */,
			);
			path = SearchModule;
			sourceTree = "<group>";
		};
		BA8A9200215146D30093A8FE /* Constant */ = {
			isa = PBXGroup;
			children = (
				BA8A9201215146DF0093A8FE /* CoreConstant.swift */,
			);
			path = Constant;
			sourceTree = "<group>";
		};
		BA8A92032151584C0093A8FE /* Service */ = {
			isa = PBXGroup;
			children = (
				BA8A91FE2151463F0093A8FE /* SearchService.swift */,
			);
			path = Service;
			sourceTree = "<group>";
		};
		BA8A920421515B1D0093A8FE /* UI */ = {
			isa = PBXGroup;
			children = (
				BA8A920521515B270093A8FE /* ProgressHUD.swift */,
			);
			path = UI;
			sourceTree = "<group>";
		};
		BA9DE43A21540C0200DE7EE2 /* MovieListModule */ = {
			isa = PBXGroup;
			children = (
				BA9DE44021540CE000DE7EE2 /* MovieListModuleMock.swift */,
				BA9DE44221540CF600DE7EE2 /* MovieListModuleBuilderTests.swift */,
				BAE1BCFD21561DCC0007AB47 /* MovieListViewControllerTests.swift */,
				BA9DE44421540D1A00DE7EE2 /* MovieListInteractorTests.swift */,
				BA9DE44621540D2600DE7EE2 /* MovieListPresenterTests.swift */,
				BAE1BCFF215671E00007AB47 /* MovieModelMapperTests.swift */,
			);
			path = MovieListModule;
			sourceTree = "<group>";
		};
		BA9DE43B21540C3900DE7EE2 /* Entity */ = {
			isa = PBXGroup;
			children = (
				BAE1BCFB21561A260007AB47 /* SearchModelStorageMock.swift */,
				BA74D3232153FBCE005E282A /* RecentSearchManagerMock.swift */,
				BA9DE43C21540C6600DE7EE2 /* SearchModelStorageTests.swift */,
				BA9DE43E21540C8C00DE7EE2 /* RecentSearchManagerTests.swift */,
			);
			path = Entity;
			sourceTree = "<group>";
		};
		BA9DE44A21540D5D00DE7EE2 /* Service */ = {
			isa = PBXGroup;
			children = (
				BA9DE44D21540DEF00DE7EE2 /* SearchServiceOutputMock.swift */,
				BA74D31D2153F76A005E282A /* SearchServiceMock.swift */,
				BA9DE44B21540D6E00DE7EE2 /* SearchServiceTests.swift */,
			);
			path = Service;
			sourceTree = "<group>";
		};
		BAD37389214948CE0009A2E3 = {
			isa = PBXGroup;
			children = (
				BAD37394214948CE0009A2E3 /* IMDB */,
				BAD373A9214948CE0009A2E3 /* IMDBTests */,
				BAD373B4214948CE0009A2E3 /* IMDBUITests */,
				BAD37393214948CE0009A2E3 /* Products */,
				EFA9ACD3832E1DB311BAF4AD /* Pods */,
				417E3B2B59EEDDEC8BF590E9 /* Frameworks */,
			);
			sourceTree = "<group>";
		};
		BAD37393214948CE0009A2E3 /* Products */ = {
			isa = PBXGroup;
			children = (
				BAD37392214948CE0009A2E3 /* IMDB.app */,
				BAD373A6214948CE0009A2E3 /* IMDBTests.xctest */,
				BAD373B1214948CE0009A2E3 /* IMDBUITests.xctest */,
			);
			name = Products;
			sourceTree = "<group>";
		};
		BAD37394214948CE0009A2E3 /* IMDB */ = {
			isa = PBXGroup;
			children = (
				BAD3742D214E96F20009A2E3 /* Extension */,
				BAD373E221495A7E0009A2E3 /* Helper */,
				BAD373DB214950790009A2E3 /* Core */,
				BA8A92032151584C0093A8FE /* Service */,
				BAD373C421494EBA0009A2E3 /* MovieListModule */,
				BAD373C321494E8F0009A2E3 /* SearchModule */,
				BAD37395214948CE0009A2E3 /* AppDelegate.swift */,
				BAD37397214948CE0009A2E3 /* SplashViewController.swift */,
				BAD37399214948CE0009A2E3 /* Main.storyboard */,
				BAD3739C214948CE0009A2E3 /* Assets.xcassets */,
				BAD3739E214948CE0009A2E3 /* LaunchScreen.storyboard */,
				BAD373A1214948CE0009A2E3 /* Info.plist */,
			);
			path = IMDB;
			sourceTree = "<group>";
		};
		BAD373A9214948CE0009A2E3 /* IMDBTests */ = {
			isa = PBXGroup;
			children = (
				BA74D3082153E270005E282A /* Mock */,
				BA74D3052153E17C005E282A /* Core */,
				BA9DE44A21540D5D00DE7EE2 /* Service */,
				BA74D30E2153EFA5005E282A /* SearchModule */,
				BA9DE43A21540C0200DE7EE2 /* MovieListModule */,
				BAD373AC214948CE0009A2E3 /* Info.plist */,
			);
			path = IMDBTests;
			sourceTree = "<group>";
		};
		BAD373B4214948CE0009A2E3 /* IMDBUITests */ = {
			isa = PBXGroup;
			children = (
				BAD373B5214948CE0009A2E3 /* IMDBUITests.swift */,
				BAD373B7214948CE0009A2E3 /* Info.plist */,
			);
			path = IMDBUITests;
			sourceTree = "<group>";
		};
		BAD373C321494E8F0009A2E3 /* SearchModule */ = {
			isa = PBXGroup;
			children = (
				BAD373C521494EE60009A2E3 /* SearchModuleContract.swift */,
				BAD373C721494EF40009A2E3 /* SearchModuleBuilder.swift */,
				BAD373CF21494F690009A2E3 /* View */,
				BAD373CB21494F2A0009A2E3 /* SearchInteractor.swift */,
				BAD373D221494F9A0009A2E3 /* SearchPresenter.swift */,
				BAD373D4214950120009A2E3 /* Entity */,
				BAD373CD21494F4D0009A2E3 /* SearchRouter.swift */,
			);
			path = SearchModule;
			sourceTree = "<group>";
		};
		BAD373C421494EBA0009A2E3 /* MovieListModule */ = {
			isa = PBXGroup;
			children = (
				BA12C2F8215001B1008CB5A4 /* MovieListModuleContract.swift */,
				BA12C2F621500191008CB5A4 /* MovieListModuleBuilder.swift */,
				BAD3742A214E93870009A2E3 /* View */,
				BAD37429214E93800009A2E3 /* Entity */,
				BA12C2F021500077008CB5A4 /* MovieListPresenter.swift */,
				BA12C2F22150012E008CB5A4 /* MovieListInteractor.swift */,
			);
			path = MovieListModule;
			sourceTree = "<group>";
		};
		BAD373CF21494F690009A2E3 /* View */ = {
			isa = PBXGroup;
			children = (
				BAD373C921494F010009A2E3 /* SearchViewController.swift */,
				BAD373D021494F830009A2E3 /* SearchViewController.xib */,
			);
			path = View;
			sourceTree = "<group>";
		};
		BAD373D4214950120009A2E3 /* Entity */ = {
			isa = PBXGroup;
			children = (
				BAD373D9214950640009A2E3 /* SearchModel.swift */,
				BA8A9207215164750093A8FE /* RecentSearchManager.swift */,
			);
			path = Entity;
			sourceTree = "<group>";
		};
		BAD373DB214950790009A2E3 /* Core */ = {
			isa = PBXGroup;
			children = (
				BA8A920421515B1D0093A8FE /* UI */,
				BA8A9200215146D30093A8FE /* Constant */,
				BAD373DD2149509D0009A2E3 /* Storage */,
				BAD373DC2149508A0009A2E3 /* API */,
			);
			path = Core;
			sourceTree = "<group>";
		};
		BAD373DC2149508A0009A2E3 /* API */ = {
			isa = PBXGroup;
			children = (
				BAD373DE214950EF0009A2E3 /* CoreApi.swift */,
			);
			path = API;
			sourceTree = "<group>";
		};
		BAD373DD2149509D0009A2E3 /* Storage */ = {
			isa = PBXGroup;
			children = (
				BAD373E02149511B0009A2E3 /* CoreStorage.swift */,
				BAD37425214E8DA90009A2E3 /* CoreStorageContract.swift */,
				BAD37427214E8E050009A2E3 /* ModelBase.swift */,
			);
			path = Storage;
			sourceTree = "<group>";
		};
		BAD373E221495A7E0009A2E3 /* Helper */ = {
			isa = PBXGroup;
			children = (
				BAD373E321495A880009A2E3 /* NibLoadable.swift */,
			);
			path = Helper;
			sourceTree = "<group>";
		};
		BAD37429214E93800009A2E3 /* Entity */ = {
			isa = PBXGroup;
			children = (
				BAD3742B214E93A20009A2E3 /* MovieModel.swift */,
			);
			path = Entity;
			sourceTree = "<group>";
		};
		BAD3742A214E93870009A2E3 /* View */ = {
			isa = PBXGroup;
			children = (
				BA12C2FA215001F1008CB5A4 /* Cell */,
				BA12C2EE214FFEC8008CB5A4 /* MovieListViewController.swift */,
			);
			path = View;
			sourceTree = "<group>";
		};
		BAD3742D214E96F20009A2E3 /* Extension */ = {
			isa = PBXGroup;
			children = (
				BAD3742E214E96FC0009A2E3 /* Date.swift */,
			);
			path = Extension;
			sourceTree = "<group>";
		};
		EFA9ACD3832E1DB311BAF4AD /* Pods */ = {
			isa = PBXGroup;
			children = (
				68E41E45A44FE4AB84736604 /* Pods-IMDB.debug.xcconfig */,
				4CF34FA27A019A7DB10F1416 /* Pods-IMDB.release.xcconfig */,
				BE0304F4B900147AA8A2C212 /* Pods-IMDBTests.debug.xcconfig */,
				9DED0BF9AD30902B021496D4 /* Pods-IMDBTests.release.xcconfig */,
				999E9120FAA37C090A91C1A8 /* Pods-IMDBUITests.debug.xcconfig */,
				59AD016FBA58B13B1EE65E93 /* Pods-IMDBUITests.release.xcconfig */,
			);
			name = Pods;
			sourceTree = "<group>";
		};
/* End PBXGroup section */

/* Begin PBXNativeTarget section */
		BAD37391214948CE0009A2E3 /* IMDB */ = {
			isa = PBXNativeTarget;
			buildConfigurationList = BAD373BA214948CE0009A2E3 /* Build configuration list for PBXNativeTarget "IMDB" */;
			buildPhases = (
				0D4898FD35764A1836D85D6A /* [CP] Check Pods Manifest.lock */,
				BAD3738E214948CE0009A2E3 /* Sources */,
				BAD3738F214948CE0009A2E3 /* Frameworks */,
				BAD37390214948CE0009A2E3 /* Resources */,
				4718B308FA9B9D7F43C4740C /* [CP] Embed Pods Frameworks */,
				BA74D30B2153E36F005E282A /* ShellScript */,
			);
			buildRules = (
			);
			dependencies = (
			);
			name = IMDB;
			productName = IMDB;
			productReference = BAD37392214948CE0009A2E3 /* IMDB.app */;
			productType = "com.apple.product-type.application";
		};
		BAD373A5214948CE0009A2E3 /* IMDBTests */ = {
			isa = PBXNativeTarget;
			buildConfigurationList = BAD373BD214948CE0009A2E3 /* Build configuration list for PBXNativeTarget "IMDBTests" */;
			buildPhases = (
				590A481B2803A156D555A824 /* [CP] Check Pods Manifest.lock */,
				BAD373A2214948CE0009A2E3 /* Sources */,
				BAD373A3214948CE0009A2E3 /* Frameworks */,
				BAD373A4214948CE0009A2E3 /* Resources */,
			);
			buildRules = (
			);
			dependencies = (
				BAD373A8214948CE0009A2E3 /* PBXTargetDependency */,
			);
			name = IMDBTests;
			productName = IMDBTests;
			productReference = BAD373A6214948CE0009A2E3 /* IMDBTests.xctest */;
			productType = "com.apple.product-type.bundle.unit-test";
		};
		BAD373B0214948CE0009A2E3 /* IMDBUITests */ = {
			isa = PBXNativeTarget;
			buildConfigurationList = BAD373C0214948CE0009A2E3 /* Build configuration list for PBXNativeTarget "IMDBUITests" */;
			buildPhases = (
				8198C2E5B839267B69AAA7C8 /* [CP] Check Pods Manifest.lock */,
				BAD373AD214948CE0009A2E3 /* Sources */,
				BAD373AE214948CE0009A2E3 /* Frameworks */,
				BAD373AF214948CE0009A2E3 /* Resources */,
			);
			buildRules = (
			);
			dependencies = (
				BAD373B3214948CE0009A2E3 /* PBXTargetDependency */,
			);
			name = IMDBUITests;
			productName = IMDBUITests;
			productReference = BAD373B1214948CE0009A2E3 /* IMDBUITests.xctest */;
			productType = "com.apple.product-type.bundle.ui-testing";
		};
/* End PBXNativeTarget section */

/* Begin PBXProject section */
		BAD3738A214948CE0009A2E3 /* Project object */ = {
			isa = PBXProject;
			attributes = {
				LastSwiftUpdateCheck = 0920;
				LastUpgradeCheck = 0920;
				ORGANIZATIONNAME = PattoMotto;
				TargetAttributes = {
					BAD37391214948CE0009A2E3 = {
						CreatedOnToolsVersion = 9.2;
						ProvisioningStyle = Manual;
					};
					BAD373A5214948CE0009A2E3 = {
						CreatedOnToolsVersion = 9.2;
						ProvisioningStyle = Automatic;
						TestTargetID = BAD37391214948CE0009A2E3;
					};
					BAD373B0214948CE0009A2E3 = {
						CreatedOnToolsVersion = 9.2;
						ProvisioningStyle = Automatic;
						TestTargetID = BAD37391214948CE0009A2E3;
					};
				};
			};
			buildConfigurationList = BAD3738D214948CE0009A2E3 /* Build configuration list for PBXProject "IMDB" */;
			compatibilityVersion = "Xcode 8.0";
			developmentRegion = en;
			hasScannedForEncodings = 0;
			knownRegions = (
				en,
				Base,
			);
			mainGroup = BAD37389214948CE0009A2E3;
			productRefGroup = BAD37393214948CE0009A2E3 /* Products */;
			projectDirPath = "";
			projectRoot = "";
			targets = (
				BAD37391214948CE0009A2E3 /* IMDB */,
				BAD373A5214948CE0009A2E3 /* IMDBTests */,
				BAD373B0214948CE0009A2E3 /* IMDBUITests */,
			);
		};
/* End PBXProject section */

/* Begin PBXResourcesBuildPhase section */
		BAD37390214948CE0009A2E3 /* Resources */ = {
			isa = PBXResourcesBuildPhase;
			buildActionMask = 2147483647;
			files = (
				BAD373A0214948CE0009A2E3 /* LaunchScreen.storyboard in Resources */,
				BA12C2FC21500221008CB5A4 /* MovieTableViewCell.xib in Resources */,
				BAD3739D214948CE0009A2E3 /* Assets.xcassets in Resources */,
				BAD373D121494F830009A2E3 /* SearchViewController.xib in Resources */,
				BAD3739B214948CE0009A2E3 /* Main.storyboard in Resources */,
			);
			runOnlyForDeploymentPostprocessing = 0;
		};
		BAD373A4214948CE0009A2E3 /* Resources */ = {
			isa = PBXResourcesBuildPhase;
			buildActionMask = 2147483647;
			files = (
			);
			runOnlyForDeploymentPostprocessing = 0;
		};
		BAD373AF214948CE0009A2E3 /* Resources */ = {
			isa = PBXResourcesBuildPhase;
			buildActionMask = 2147483647;
			files = (
			);
			runOnlyForDeploymentPostprocessing = 0;
		};
/* End PBXResourcesBuildPhase section */

/* Begin PBXShellScriptBuildPhase section */
		0D4898FD35764A1836D85D6A /* [CP] Check Pods Manifest.lock */ = {
			isa = PBXShellScriptBuildPhase;
			buildActionMask = 2147483647;
			files = (
			);
			inputPaths = (
				"${PODS_PODFILE_DIR_PATH}/Podfile.lock",
				"${PODS_ROOT}/Manifest.lock",
			);
			name = "[CP] Check Pods Manifest.lock";
			outputPaths = (
				"$(DERIVED_FILE_DIR)/Pods-IMDB-checkManifestLockResult.txt",
			);
			runOnlyForDeploymentPostprocessing = 0;
			shellPath = /bin/sh;
			shellScript = "diff \"${PODS_PODFILE_DIR_PATH}/Podfile.lock\" \"${PODS_ROOT}/Manifest.lock\" > /dev/null\nif [ $? != 0 ] ; then\n    # print error to STDERR\n    echo \"error: The sandbox is not in sync with the Podfile.lock. Run 'pod install' or update your CocoaPods installation.\" >&2\n    exit 1\nfi\n# This output is used by Xcode 'outputs' to avoid re-running this script phase.\necho \"SUCCESS\" > \"${SCRIPT_OUTPUT_FILE_0}\"\n";
			showEnvVarsInLog = 0;
		};
		4718B308FA9B9D7F43C4740C /* [CP] Embed Pods Frameworks */ = {
			isa = PBXShellScriptBuildPhase;
			buildActionMask = 2147483647;
			files = (
			);
			inputPaths = (
				"${SRCROOT}/Pods/Target Support Files/Pods-IMDB/Pods-IMDB-frameworks.sh",
				"${BUILT_PRODUCTS_DIR}/Alamofire/Alamofire.framework",
				"${BUILT_PRODUCTS_DIR}/KRActivityIndicatorView/KRActivityIndicatorView.framework",
				"${BUILT_PRODUCTS_DIR}/KRProgressHUD/KRProgressHUD.framework",
				"${BUILT_PRODUCTS_DIR}/Kingfisher/Kingfisher.framework",
				"${BUILT_PRODUCTS_DIR}/Typist/Typist.framework",
			);
			name = "[CP] Embed Pods Frameworks";
			outputPaths = (
				"${TARGET_BUILD_DIR}/${FRAMEWORKS_FOLDER_PATH}/Alamofire.framework",
				"${TARGET_BUILD_DIR}/${FRAMEWORKS_FOLDER_PATH}/KRActivityIndicatorView.framework",
				"${TARGET_BUILD_DIR}/${FRAMEWORKS_FOLDER_PATH}/KRProgressHUD.framework",
				"${TARGET_BUILD_DIR}/${FRAMEWORKS_FOLDER_PATH}/Kingfisher.framework",
				"${TARGET_BUILD_DIR}/${FRAMEWORKS_FOLDER_PATH}/Typist.framework",
			);
			runOnlyForDeploymentPostprocessing = 0;
			shellPath = /bin/sh;
			shellScript = "\"${SRCROOT}/Pods/Target Support Files/Pods-IMDB/Pods-IMDB-frameworks.sh\"\n";
			showEnvVarsInLog = 0;
		};
		590A481B2803A156D555A824 /* [CP] Check Pods Manifest.lock */ = {
			isa = PBXShellScriptBuildPhase;
			buildActionMask = 2147483647;
			files = (
			);
			inputPaths = (
				"${PODS_PODFILE_DIR_PATH}/Podfile.lock",
				"${PODS_ROOT}/Manifest.lock",
			);
			name = "[CP] Check Pods Manifest.lock";
			outputPaths = (
				"$(DERIVED_FILE_DIR)/Pods-IMDBTests-checkManifestLockResult.txt",
			);
			runOnlyForDeploymentPostprocessing = 0;
			shellPath = /bin/sh;
			shellScript = "diff \"${PODS_PODFILE_DIR_PATH}/Podfile.lock\" \"${PODS_ROOT}/Manifest.lock\" > /dev/null\nif [ $? != 0 ] ; then\n    # print error to STDERR\n    echo \"error: The sandbox is not in sync with the Podfile.lock. Run 'pod install' or update your CocoaPods installation.\" >&2\n    exit 1\nfi\n# This output is used by Xcode 'outputs' to avoid re-running this script phase.\necho \"SUCCESS\" > \"${SCRIPT_OUTPUT_FILE_0}\"\n";
			showEnvVarsInLog = 0;
		};
		8198C2E5B839267B69AAA7C8 /* [CP] Check Pods Manifest.lock */ = {
			isa = PBXShellScriptBuildPhase;
			buildActionMask = 2147483647;
			files = (
			);
			inputPaths = (
				"${PODS_PODFILE_DIR_PATH}/Podfile.lock",
				"${PODS_ROOT}/Manifest.lock",
			);
			name = "[CP] Check Pods Manifest.lock";
			outputPaths = (
				"$(DERIVED_FILE_DIR)/Pods-IMDBUITests-checkManifestLockResult.txt",
			);
			runOnlyForDeploymentPostprocessing = 0;
			shellPath = /bin/sh;
			shellScript = "diff \"${PODS_PODFILE_DIR_PATH}/Podfile.lock\" \"${PODS_ROOT}/Manifest.lock\" > /dev/null\nif [ $? != 0 ] ; then\n    # print error to STDERR\n    echo \"error: The sandbox is not in sync with the Podfile.lock. Run 'pod install' or update your CocoaPods installation.\" >&2\n    exit 1\nfi\n# This output is used by Xcode 'outputs' to avoid re-running this script phase.\necho \"SUCCESS\" > \"${SCRIPT_OUTPUT_FILE_0}\"\n";
			showEnvVarsInLog = 0;
		};
		BA74D30B2153E36F005E282A /* ShellScript */ = {
			isa = PBXShellScriptBuildPhase;
			buildActionMask = 2147483647;
			files = (
			);
			inputPaths = (
			);
			outputPaths = (
			);
			runOnlyForDeploymentPostprocessing = 0;
			shellPath = /bin/sh;
			shellScript = "\"${PODS_ROOT}/SwiftLint/swiftlint\"";
		};
/* End PBXShellScriptBuildPhase section */

/* Begin PBXSourcesBuildPhase section */
		BAD3738E214948CE0009A2E3 /* Sources */ = {
			isa = PBXSourcesBuildPhase;
			buildActionMask = 2147483647;
			files = (
				BAD373CC21494F2A0009A2E3 /* SearchInteractor.swift in Sources */,
				BA12C2F32150012E008CB5A4 /* MovieListInteractor.swift in Sources */,
				BAD3742C214E93A20009A2E3 /* MovieModel.swift in Sources */,
				BAD373E12149511B0009A2E3 /* CoreStorage.swift in Sources */,
				BA12C2FE2150022F008CB5A4 /* MovieTableViewCell.swift in Sources */,
				BA8A920621515B270093A8FE /* ProgressHUD.swift in Sources */,
				BAD373CA21494F010009A2E3 /* SearchViewController.swift in Sources */,
				BAD37398214948CE0009A2E3 /* SplashViewController.swift in Sources */,
				BAD37426214E8DA90009A2E3 /* CoreStorageContract.swift in Sources */,
				BAD373CE21494F4D0009A2E3 /* SearchRouter.swift in Sources */,
				BAD3742F214E96FC0009A2E3 /* Date.swift in Sources */,
				BAD37428214E8E050009A2E3 /* ModelBase.swift in Sources */,
				BAD373C621494EE60009A2E3 /* SearchModuleContract.swift in Sources */,
				BA8A91FF2151463F0093A8FE /* SearchService.swift in Sources */,
				BAD37396214948CE0009A2E3 /* AppDelegate.swift in Sources */,
				BA12C2F721500191008CB5A4 /* MovieListModuleBuilder.swift in Sources */,
				BA12C2EF214FFEC8008CB5A4 /* MovieListViewController.swift in Sources */,
				BAD373DA214950640009A2E3 /* SearchModel.swift in Sources */,
				BA12C2F9215001B1008CB5A4 /* MovieListModuleContract.swift in Sources */,
				BA8A9208215164750093A8FE /* RecentSearchManager.swift in Sources */,
				BAD373E421495A880009A2E3 /* NibLoadable.swift in Sources */,
				BA8A9202215146DF0093A8FE /* CoreConstant.swift in Sources */,
				BAD373D321494F9A0009A2E3 /* SearchPresenter.swift in Sources */,
				BAD373C821494EF40009A2E3 /* SearchModuleBuilder.swift in Sources */,
				BAD373DF214950EF0009A2E3 /* CoreApi.swift in Sources */,
				BA12C2F121500077008CB5A4 /* MovieListPresenter.swift in Sources */,
			);
			runOnlyForDeploymentPostprocessing = 0;
		};
		BAD373A2214948CE0009A2E3 /* Sources */ = {
			isa = PBXSourcesBuildPhase;
			buildActionMask = 2147483647;
			files = (
				BA9DE44321540CF600DE7EE2 /* MovieListModuleBuilderTests.swift in Sources */,
				BA9DE44121540CE000DE7EE2 /* MovieListModuleMock.swift in Sources */,
				BAE1BCFE21561DCC0007AB47 /* MovieListViewControllerTests.swift in Sources */,
				BA9DE43F21540C8C00DE7EE2 /* RecentSearchManagerTests.swift in Sources */,
				BA74D3072153E17C005E282A /* CoreStorageTests.swift in Sources */,
				BA74D3202153F8BF005E282A /* MockUtilities.swift in Sources */,
				BA74D3182153F4E9005E282A /* SearchInteractorTests.swift in Sources */,
				BA74D31E2153F76A005E282A /* SearchServiceMock.swift in Sources */,
				BA9DE45021540F0900DE7EE2 /* CoreApiMock.swift in Sources */,
				BA9DE44721540D2600DE7EE2 /* MovieListPresenterTests.swift in Sources */,
				BA74D31A2153F4F5005E282A /* SearchPresenterTests.swift in Sources */,
				BA74D3122153F0D8005E282A /* SearchRouterTests.swift in Sources */,
				BA74D3242153FBCE005E282A /* RecentSearchManagerMock.swift in Sources */,
				BA9DE43D21540C6600DE7EE2 /* SearchModelStorageTests.swift in Sources */,
				BAE1BCFC21561A260007AB47 /* SearchModelStorageMock.swift in Sources */,
				BAE1BD00215671E00007AB47 /* MovieModelMapperTests.swift in Sources */,
				BA74D30A2153E27E005E282A /* StoreMock.swift in Sources */,
				BA9DE44C21540D6E00DE7EE2 /* SearchServiceTests.swift in Sources */,
				BA74D3262153FC95005E282A /* SearchModuleMock.swift in Sources */,
				BAE1BCFA215617380007AB47 /* CoreStorageMock.swift in Sources */,
				BA74D31C2153F504005E282A /* SearchViewControllerTests.swift in Sources */,
				BA9DE44E21540DEF00DE7EE2 /* SearchServiceOutputMock.swift in Sources */,
				BA74D3162153F164005E282A /* NavigationControllerMock.swift in Sources */,
				BA9DE44521540D1A00DE7EE2 /* MovieListInteractorTests.swift in Sources */,
				BA74D3142153F14F005E282A /* ViewControllerMock.swift in Sources */,
				BA74D3102153EFC5005E282A /* SearchModuleBuilderTests.swift in Sources */,
			);
			runOnlyForDeploymentPostprocessing = 0;
		};
		BAD373AD214948CE0009A2E3 /* Sources */ = {
			isa = PBXSourcesBuildPhase;
			buildActionMask = 2147483647;
			files = (
				BAD373B6214948CE0009A2E3 /* IMDBUITests.swift in Sources */,
			);
			runOnlyForDeploymentPostprocessing = 0;
		};
/* End PBXSourcesBuildPhase section */

/* Begin PBXTargetDependency section */
		BAD373A8214948CE0009A2E3 /* PBXTargetDependency */ = {
			isa = PBXTargetDependency;
			target = BAD37391214948CE0009A2E3 /* IMDB */;
			targetProxy = BAD373A7214948CE0009A2E3 /* PBXContainerItemProxy */;
		};
		BAD373B3214948CE0009A2E3 /* PBXTargetDependency */ = {
			isa = PBXTargetDependency;
			target = BAD37391214948CE0009A2E3 /* IMDB */;
			targetProxy = BAD373B2214948CE0009A2E3 /* PBXContainerItemProxy */;
		};
/* End PBXTargetDependency section */

/* Begin PBXVariantGroup section */
		BAD37399214948CE0009A2E3 /* Main.storyboard */ = {
			isa = PBXVariantGroup;
			children = (
				BAD3739A214948CE0009A2E3 /* Base */,
			);
			name = Main.storyboard;
			sourceTree = "<group>";
		};
		BAD3739E214948CE0009A2E3 /* LaunchScreen.storyboard */ = {
			isa = PBXVariantGroup;
			children = (
				BAD3739F214948CE0009A2E3 /* Base */,
			);
			name = LaunchScreen.storyboard;
			sourceTree = "<group>";
		};
/* End PBXVariantGroup section */

/* Begin XCBuildConfiguration section */
		BAD373B8214948CE0009A2E3 /* Debug */ = {
			isa = XCBuildConfiguration;
			buildSettings = {
				ALWAYS_SEARCH_USER_PATHS = NO;
				CLANG_ANALYZER_NONNULL = YES;
				CLANG_ANALYZER_NUMBER_OBJECT_CONVERSION = YES_AGGRESSIVE;
				CLANG_CXX_LANGUAGE_STANDARD = "gnu++14";
				CLANG_CXX_LIBRARY = "libc++";
				CLANG_ENABLE_MODULES = YES;
				CLANG_ENABLE_OBJC_ARC = YES;
				CLANG_WARN_BLOCK_CAPTURE_AUTORELEASING = YES;
				CLANG_WARN_BOOL_CONVERSION = YES;
				CLANG_WARN_COMMA = YES;
				CLANG_WARN_CONSTANT_CONVERSION = YES;
				CLANG_WARN_DIRECT_OBJC_ISA_USAGE = YES_ERROR;
				CLANG_WARN_DOCUMENTATION_COMMENTS = YES;
				CLANG_WARN_EMPTY_BODY = YES;
				CLANG_WARN_ENUM_CONVERSION = YES;
				CLANG_WARN_INFINITE_RECURSION = YES;
				CLANG_WARN_INT_CONVERSION = YES;
				CLANG_WARN_NON_LITERAL_NULL_CONVERSION = YES;
				CLANG_WARN_OBJC_LITERAL_CONVERSION = YES;
				CLANG_WARN_OBJC_ROOT_CLASS = YES_ERROR;
				CLANG_WARN_RANGE_LOOP_ANALYSIS = YES;
				CLANG_WARN_STRICT_PROTOTYPES = YES;
				CLANG_WARN_SUSPICIOUS_MOVE = YES;
				CLANG_WARN_UNGUARDED_AVAILABILITY = YES_AGGRESSIVE;
				CLANG_WARN_UNREACHABLE_CODE = YES;
				CLANG_WARN__DUPLICATE_METHOD_MATCH = YES;
				CODE_SIGN_IDENTITY = "iPhone Developer";
				COPY_PHASE_STRIP = NO;
				DEBUG_INFORMATION_FORMAT = dwarf;
				ENABLE_STRICT_OBJC_MSGSEND = YES;
				ENABLE_TESTABILITY = YES;
				GCC_C_LANGUAGE_STANDARD = gnu11;
				GCC_DYNAMIC_NO_PIC = NO;
				GCC_NO_COMMON_BLOCKS = YES;
				GCC_OPTIMIZATION_LEVEL = 0;
				GCC_PREPROCESSOR_DEFINITIONS = (
					"DEBUG=1",
					"$(inherited)",
				);
				GCC_WARN_64_TO_32_BIT_CONVERSION = YES;
				GCC_WARN_ABOUT_RETURN_TYPE = YES_ERROR;
				GCC_WARN_UNDECLARED_SELECTOR = YES;
				GCC_WARN_UNINITIALIZED_AUTOS = YES_AGGRESSIVE;
				GCC_WARN_UNUSED_FUNCTION = YES;
				GCC_WARN_UNUSED_VARIABLE = YES;
				IPHONEOS_DEPLOYMENT_TARGET = 11.2;
				MTL_ENABLE_DEBUG_INFO = YES;
				ONLY_ACTIVE_ARCH = YES;
				SDKROOT = iphoneos;
				SWIFT_ACTIVE_COMPILATION_CONDITIONS = DEBUG;
				SWIFT_OPTIMIZATION_LEVEL = "-Onone";
			};
			name = Debug;
		};
		BAD373B9214948CE0009A2E3 /* Release */ = {
			isa = XCBuildConfiguration;
			buildSettings = {
				ALWAYS_SEARCH_USER_PATHS = NO;
				CLANG_ANALYZER_NONNULL = YES;
				CLANG_ANALYZER_NUMBER_OBJECT_CONVERSION = YES_AGGRESSIVE;
				CLANG_CXX_LANGUAGE_STANDARD = "gnu++14";
				CLANG_CXX_LIBRARY = "libc++";
				CLANG_ENABLE_MODULES = YES;
				CLANG_ENABLE_OBJC_ARC = YES;
				CLANG_WARN_BLOCK_CAPTURE_AUTORELEASING = YES;
				CLANG_WARN_BOOL_CONVERSION = YES;
				CLANG_WARN_COMMA = YES;
				CLANG_WARN_CONSTANT_CONVERSION = YES;
				CLANG_WARN_DIRECT_OBJC_ISA_USAGE = YES_ERROR;
				CLANG_WARN_DOCUMENTATION_COMMENTS = YES;
				CLANG_WARN_EMPTY_BODY = YES;
				CLANG_WARN_ENUM_CONVERSION = YES;
				CLANG_WARN_INFINITE_RECURSION = YES;
				CLANG_WARN_INT_CONVERSION = YES;
				CLANG_WARN_NON_LITERAL_NULL_CONVERSION = YES;
				CLANG_WARN_OBJC_LITERAL_CONVERSION = YES;
				CLANG_WARN_OBJC_ROOT_CLASS = YES_ERROR;
				CLANG_WARN_RANGE_LOOP_ANALYSIS = YES;
				CLANG_WARN_STRICT_PROTOTYPES = YES;
				CLANG_WARN_SUSPICIOUS_MOVE = YES;
				CLANG_WARN_UNGUARDED_AVAILABILITY = YES_AGGRESSIVE;
				CLANG_WARN_UNREACHABLE_CODE = YES;
				CLANG_WARN__DUPLICATE_METHOD_MATCH = YES;
				CODE_SIGN_IDENTITY = "iPhone Developer";
				COPY_PHASE_STRIP = NO;
				DEBUG_INFORMATION_FORMAT = "dwarf-with-dsym";
				ENABLE_NS_ASSERTIONS = NO;
				ENABLE_STRICT_OBJC_MSGSEND = YES;
				GCC_C_LANGUAGE_STANDARD = gnu11;
				GCC_NO_COMMON_BLOCKS = YES;
				GCC_WARN_64_TO_32_BIT_CONVERSION = YES;
				GCC_WARN_ABOUT_RETURN_TYPE = YES_ERROR;
				GCC_WARN_UNDECLARED_SELECTOR = YES;
				GCC_WARN_UNINITIALIZED_AUTOS = YES_AGGRESSIVE;
				GCC_WARN_UNUSED_FUNCTION = YES;
				GCC_WARN_UNUSED_VARIABLE = YES;
				IPHONEOS_DEPLOYMENT_TARGET = 11.2;
				MTL_ENABLE_DEBUG_INFO = NO;
				SDKROOT = iphoneos;
				SWIFT_OPTIMIZATION_LEVEL = "-Owholemodule";
				VALIDATE_PRODUCT = YES;
			};
			name = Release;
		};
		BAD373BB214948CE0009A2E3 /* Debug */ = {
			isa = XCBuildConfiguration;
			baseConfigurationReference = 68E41E45A44FE4AB84736604 /* Pods-IMDB.debug.xcconfig */;
			buildSettings = {
				ASSETCATALOG_COMPILER_APPICON_NAME = AppIcon;
				CODE_SIGN_STYLE = Manual;
				DEVELOPMENT_TEAM = "";
				INFOPLIST_FILE = IMDB/Info.plist;
				IPHONEOS_DEPLOYMENT_TARGET = 9.0;
				LD_RUNPATH_SEARCH_PATHS = "$(inherited) @executable_path/Frameworks";
				PRODUCT_BUNDLE_IDENTIFIER = com.pattomotto.IMDB;
				PRODUCT_NAME = "$(TARGET_NAME)";
				PROVISIONING_PROFILE_SPECIFIER = "";
				SWIFT_VERSION = 4.0;
				TARGETED_DEVICE_FAMILY = "1,2";
			};
			name = Debug;
		};
		BAD373BC214948CE0009A2E3 /* Release */ = {
			isa = XCBuildConfiguration;
			baseConfigurationReference = 4CF34FA27A019A7DB10F1416 /* Pods-IMDB.release.xcconfig */;
			buildSettings = {
				ASSETCATALOG_COMPILER_APPICON_NAME = AppIcon;
				CODE_SIGN_STYLE = Manual;
				DEVELOPMENT_TEAM = "";
				INFOPLIST_FILE = IMDB/Info.plist;
				IPHONEOS_DEPLOYMENT_TARGET = 9.0;
				LD_RUNPATH_SEARCH_PATHS = "$(inherited) @executable_path/Frameworks";
				PRODUCT_BUNDLE_IDENTIFIER = com.pattomotto.IMDB;
				PRODUCT_NAME = "$(TARGET_NAME)";
				PROVISIONING_PROFILE_SPECIFIER = "";
				SWIFT_VERSION = 4.0;
				TARGETED_DEVICE_FAMILY = "1,2";
			};
			name = Release;
		};
		BAD373BE214948CE0009A2E3 /* Debug */ = {
			isa = XCBuildConfiguration;
			baseConfigurationReference = BE0304F4B900147AA8A2C212 /* Pods-IMDBTests.debug.xcconfig */;
			buildSettings = {
				ALWAYS_EMBED_SWIFT_STANDARD_LIBRARIES = YES;
				BUNDLE_LOADER = "$(TEST_HOST)";
				CODE_SIGN_STYLE = Automatic;
				INFOPLIST_FILE = IMDBTests/Info.plist;
				LD_RUNPATH_SEARCH_PATHS = "$(inherited) @executable_path/Frameworks @loader_path/Frameworks";
				PRODUCT_BUNDLE_IDENTIFIER = com.pattomotto.IMDBTests;
				PRODUCT_NAME = "$(TARGET_NAME)";
				SWIFT_VERSION = 4.0;
				TARGETED_DEVICE_FAMILY = "1,2";
				TEST_HOST = "$(BUILT_PRODUCTS_DIR)/IMDB.app/IMDB";
			};
			name = Debug;
		};
		BAD373BF214948CE0009A2E3 /* Release */ = {
			isa = XCBuildConfiguration;
			baseConfigurationReference = 9DED0BF9AD30902B021496D4 /* Pods-IMDBTests.release.xcconfig */;
			buildSettings = {
				ALWAYS_EMBED_SWIFT_STANDARD_LIBRARIES = YES;
				BUNDLE_LOADER = "$(TEST_HOST)";
				CODE_SIGN_STYLE = Automatic;
				INFOPLIST_FILE = IMDBTests/Info.plist;
				LD_RUNPATH_SEARCH_PATHS = "$(inherited) @executable_path/Frameworks @loader_path/Frameworks";
				PRODUCT_BUNDLE_IDENTIFIER = com.pattomotto.IMDBTests;
				PRODUCT_NAME = "$(TARGET_NAME)";
				SWIFT_VERSION = 4.0;
				TARGETED_DEVICE_FAMILY = "1,2";
				TEST_HOST = "$(BUILT_PRODUCTS_DIR)/IMDB.app/IMDB";
			};
			name = Release;
		};
		BAD373C1214948CE0009A2E3 /* Debug */ = {
			isa = XCBuildConfiguration;
			baseConfigurationReference = 999E9120FAA37C090A91C1A8 /* Pods-IMDBUITests.debug.xcconfig */;
			buildSettings = {
				ALWAYS_EMBED_SWIFT_STANDARD_LIBRARIES = YES;
				CODE_SIGN_STYLE = Automatic;
				INFOPLIST_FILE = IMDBUITests/Info.plist;
				LD_RUNPATH_SEARCH_PATHS = "$(inherited) @executable_path/Frameworks @loader_path/Frameworks";
				PRODUCT_BUNDLE_IDENTIFIER = com.pattomotto.IMDBUITests;
				PRODUCT_NAME = "$(TARGET_NAME)";
				SWIFT_VERSION = 4.0;
				TARGETED_DEVICE_FAMILY = "1,2";
				TEST_TARGET_NAME = IMDB;
			};
			name = Debug;
		};
		BAD373C2214948CE0009A2E3 /* Release */ = {
			isa = XCBuildConfiguration;
			baseConfigurationReference = 59AD016FBA58B13B1EE65E93 /* Pods-IMDBUITests.release.xcconfig */;
			buildSettings = {
				ALWAYS_EMBED_SWIFT_STANDARD_LIBRARIES = YES;
				CODE_SIGN_STYLE = Automatic;
				INFOPLIST_FILE = IMDBUITests/Info.plist;
				LD_RUNPATH_SEARCH_PATHS = "$(inherited) @executable_path/Frameworks @loader_path/Frameworks";
				PRODUCT_BUNDLE_IDENTIFIER = com.pattomotto.IMDBUITests;
				PRODUCT_NAME = "$(TARGET_NAME)";
				SWIFT_VERSION = 4.0;
				TARGETED_DEVICE_FAMILY = "1,2";
				TEST_TARGET_NAME = IMDB;
			};
			name = Release;
		};
/* End XCBuildConfiguration section */

/* Begin XCConfigurationList section */
		BAD3738D214948CE0009A2E3 /* Build configuration list for PBXProject "IMDB" */ = {
			isa = XCConfigurationList;
			buildConfigurations = (
				BAD373B8214948CE0009A2E3 /* Debug */,
				BAD373B9214948CE0009A2E3 /* Release */,
			);
			defaultConfigurationIsVisible = 0;
			defaultConfigurationName = Release;
		};
		BAD373BA214948CE0009A2E3 /* Build configuration list for PBXNativeTarget "IMDB" */ = {
			isa = XCConfigurationList;
			buildConfigurations = (
				BAD373BB214948CE0009A2E3 /* Debug */,
				BAD373BC214948CE0009A2E3 /* Release */,
			);
			defaultConfigurationIsVisible = 0;
			defaultConfigurationName = Release;
		};
		BAD373BD214948CE0009A2E3 /* Build configuration list for PBXNativeTarget "IMDBTests" */ = {
			isa = XCConfigurationList;
			buildConfigurations = (
				BAD373BE214948CE0009A2E3 /* Debug */,
				BAD373BF214948CE0009A2E3 /* Release */,
			);
			defaultConfigurationIsVisible = 0;
			defaultConfigurationName = Release;
		};
		BAD373C0214948CE0009A2E3 /* Build configuration list for PBXNativeTarget "IMDBUITests" */ = {
			isa = XCConfigurationList;
			buildConfigurations = (
				BAD373C1214948CE0009A2E3 /* Debug */,
				BAD373C2214948CE0009A2E3 /* Release */,
			);
			defaultConfigurationIsVisible = 0;
			defaultConfigurationName = Release;
		};
/* End XCConfigurationList section */
	};
	rootObject = BAD3738A214948CE0009A2E3 /* Project object */;
}
